
Microsoft Visual Studio Solution File, Format Version 12.00
# Visual Studio 15
VisualStudioVersion = 15.0.26430.6
MinimumVisualStudioVersion = 10.0.40219.1
Project("{FAE04EC0-301F-11D3-BF4B-00C04F79EFBC}") = "WebApplication10", "WebApplication10\WebApplication10.csproj", "{F9F04C74-F77A-44C2-ABCA-43F5C39D901B}"
EndProject
Project("{FAE04EC0-301F-11D3-BF4B-00C04F79EFBC}") = "Framework.StupidControllers", "Framework.StupidControllers\Framework.StupidControllers.csproj", "{5DEDD25E-2F39-445C-96C4-34CAC6A0BCF7}"
EndProject
Global
	GlobalSection(SolutionConfigurationPlatforms) = preSolution
		Debug|Any CPU = Debug|Any CPU
		Release|Any CPU = Release|Any CPU
	EndGlobalSection
	GlobalSection(ProjectConfigurationPlatforms) = postSolution
		{F9F04C74-F77A-44C2-ABCA-43F5C39D901B}.Debug|Any CPU.ActiveCfg = Debug|Any CPU
		{F9F04C74-F77A-44C2-ABCA-43F5C39D901B}.Debug|Any CPU.Build.0 = Debug|Any CPU
		{F9F04C74-F77A-44C2-ABCA-43F5C39D901B}.Release|Any CPU.ActiveCfg = Release|Any CPU
		{F9F04C74-F77A-44C2-ABCA-43F5C39D901B}.Release|Any CPU.Build.0 = Release|Any CPU
		{5DEDD25E-2F39-445C-96C4-34CAC6A0BCF7}.Debug|Any CPU.ActiveCfg = Debug|Any CPU
		{5DEDD25E-2F39-445C-96C4-34CAC6A0BCF7}.Debug|Any CPU.Build.0 = Debug|Any CPU
		{5DEDD25E-2F39-445C-96C4-34CAC6A0BCF7}.Release|Any CPU.ActiveCfg = Release|Any CPU
		{5DEDD25E-2F39-445C-96C4-34CAC6A0BCF7}.Release|Any CPU.Build.0 = Release|Any CPU
	EndGlobalSection
	GlobalSection(SolutionProperties) = preSolution
		HideSolutionNode = FALSE
	EndGlobalSection
EndGlobal
